{
  "name": "laravel-captcha",
  "lockfileVersion": 3,
  "requires": true,
  "packages": {
    "": {
      "devDependencies": {
        "@types/cloudflare-turnstile": "^0.2.2"
      }
    },
    "node_modules/@types/cloudflare-turnstile": {
      "version": "0.2.2",
      "resolved": "https://registry.npmjs.org/@types/cloudflare-turnstile/-/cloudflare-turnstile-0.2.2.tgz",
      "integrity": "sha512-3Yf7b1Glci+V2bFWwWBbZkRgTuegp7RDgNTOG4U0UNPB9RV4AWvwqg2/qqLff8G+SwKFNXoXvTkqaRBZrAFdKA==",
      "dev": true,
      "license": "MIT"
    }
  }
}
